
Microsoft Visual Studio Solution File, Format Version 12.00
# Visual Studio Version 17
VisualStudioVersion = 17.2.32516.85
MinimumVisualStudioVersion = 10.0.40219.1
Project("{FAE04EC0-301F-11D3-BF4B-00C04F79EFBC}") = "Project_Travel", "Project_Travel\Project_Travel.csproj", "{50335F99-5D57-4962-BCCD-57CEC5BAA502}"
EndProject
Global
	GlobalSection(SolutionConfigurationPlatforms) = preSolution
		Debug|Any CPU = Debug|Any CPU
		Release|Any CPU = Release|Any CPU
	EndGlobalSection
	GlobalSection(ProjectConfigurationPlatforms) = postSolution
		{50335F99-5D57-4962-BCCD-57CEC5BAA502}.Debug|Any CPU.ActiveCfg = Debug|Any CPU
		{50335F99-5D57-4962-BCCD-57CEC5BAA502}.Debug|Any CPU.Build.0 = Debug|Any CPU
		{50335F99-5D57-4962-BCCD-57CEC5BAA502}.Release|Any CPU.ActiveCfg = Release|Any CPU
		{50335F99-5D57-4962-BCCD-57CEC5BAA502}.Release|Any CPU.Build.0 = Release|Any CPU
	EndGlobalSection
	GlobalSection(SolutionProperties) = preSolution
		HideSolutionNode = FALSE
	EndGlobalSection
	GlobalSection(ExtensibilityGlobals) = postSolution
		SolutionGuid = {C9E9DE08-D04D-4A3E-B8CE-6C5D8E54B46C}
	EndGlobalSection
EndGlobal
